
Microsoft Visual Studio Solution File, Format Version 12.00
# Visual Studio 15
VisualStudioVersion = 15.0.28307.168
MinimumVisualStudioVersion = 10.0.40219.1
Project("{8BC9CEB8-8B4A-11D0-8D11-00A0C91BC942}") = "2d_dr4wer", "2d_dr4wer\2d_dr4wer.vcxproj", "{C34CA5A8-7EB8-4E13-A287-AED1A8ECAFBE}"
EndProject
Global
	GlobalSection(SolutionConfigurationPlatforms) = preSolution
		Debug|x64 = Debug|x64
		Debug|x86 = Debug|x86
		Release|x64 = Release|x64
		Release|x86 = Release|x86
	EndGlobalSection
	GlobalSection(ProjectConfigurationPlatforms) = postSolution
		{C34CA5A8-7EB8-4E13-A287-AED1A8ECAFBE}.Debug|x64.ActiveCfg = Debug|x64
		{C34CA5A8-7EB8-4E13-A287-AED1A8ECAFBE}.Debug|x64.Build.0 = Debug|x64
		{C34CA5A8-7EB8-4E13-A287-AED1A8ECAFBE}.Debug|x86.ActiveCfg = Debug|Win32
		{C34CA5A8-7EB8-4E13-A287-AED1A8ECAFBE}.Debug|x86.Build.0 = Debug|Win32
		{C34CA5A8-7EB8-4E13-A287-AED1A8ECAFBE}.Release|x64.ActiveCfg = Release|x64
		{C34CA5A8-7EB8-4E13-A287-AED1A8ECAFBE}.Release|x64.Build.0 = Release|x64
		{C34CA5A8-7EB8-4E13-A287-AED1A8ECAFBE}.Release|x86.ActiveCfg = Release|Win32
		{C34CA5A8-7EB8-4E13-A287-AED1A8ECAFBE}.Release|x86.Build.0 = Release|Win32
	EndGlobalSection
	GlobalSection(SolutionProperties) = preSolution
		HideSolutionNode = FALSE
	EndGlobalSection
	GlobalSection(ExtensibilityGlobals) = postSolution
		SolutionGuid = {B68DACB8-5E7A-4E2F-B0BC-001A85665083}
	EndGlobalSection
EndGlobal
